FORGE
  remote: https://forgeapi.puppetlabs.com
  specs:
    artberri-nvm (1.1.1)
      puppetlabs-stdlib (< 5.0.0, >= 3.2.0)
    fiddyspence-sysctl (1.1.0)
    petems-swap_file (3.1.4)
      fiddyspence-sysctl (= 1.1.0)
      puppetlabs-stdlib (>= 4.7.0)
    puppet-staging (2.1.0)
    puppetlabs-apache (1.11.0)
      puppetlabs-concat (< 3.0.0, >= 1.1.1)
      puppetlabs-stdlib (< 5.0.0, >= 4.2.0)
    puppetlabs-concat (2.2.0)
      puppetlabs-stdlib (< 5.0.0, >= 4.2.0)
    puppetlabs-firewall (1.8.2)
    puppetlabs-mysql (3.10.0)
      puppet-staging (< 3.0.0, >= 1.0.1)
      puppetlabs-stdlib (< 5.0.0, >= 3.2.0)
    puppetlabs-stdlib (4.12.0)
    stahnma-epel (1.2.2)
      puppetlabs-stdlib (>= 3.0.0)

DEPENDENCIES
  artberri-nvm (= 1.1.1)
  petems-swap_file (= 3.1.4)
  puppetlabs-apache (= 1.11.0)
  puppetlabs-firewall (= 1.8.2)
  puppetlabs-mysql (= 3.10.0)
  stahnma-epel (= 1.2.2)

