FORGE
  remote: https://forgeapi.puppetlabs.com
  specs:
    nanliu-staging (1.0.3)
    puppetlabs-apache (1.10.0)
      puppetlabs-concat (< 3.0.0, >= 1.1.1)
      puppetlabs-stdlib (< 5.0.0, >= 2.4.0)
    puppetlabs-concat (2.1.0)
      puppetlabs-stdlib (< 5.0.0, >= 3.2.0)
    puppetlabs-firewall (1.8.0)
    puppetlabs-mysql (3.7.0)
      nanliu-staging (< 2.0.0, >= 1.0.1)
      puppetlabs-stdlib (< 5.0.0, >= 3.2.0)
    puppetlabs-stdlib (4.11.0)
    stahnma-epel (1.2.2)
      puppetlabs-stdlib (>= 3.0.0)
    thias-php (1.2.0)

DEPENDENCIES
  puppetlabs-apache (= 1.10.0)
  puppetlabs-firewall (= 1.8.0)
  puppetlabs-mysql (= 3.7.0)
  stahnma-epel (= 1.2.2)
  thias-php (= 1.2.0)

